
Microsoft Visual Studio Solution File, Format Version 12.00
# Visual Studio Version 16
VisualStudioVersion = 25.0.1700.0
MinimumVisualStudioVersion = 10.0.40219.1
Project("{FAE04EC0-301F-11D3-BF4B-00C04F79EFBC}") = "Lab3", "Lab3\Lab3.csproj", "{C7664FC3-3D30-442B-9F8F-CDFF6815C49C}"
EndProject
Project("{E53339B2-1760-4266-BCC7-CA923CBCF16C}") = "docker-compose", "docker-compose.dcproj", "{1006C64E-28C5-46C7-9BBF-9FD5611E5B54}"
EndProject
Global
	GlobalSection(SolutionConfigurationPlatforms) = preSolution
		Debug|Any CPU = Debug|Any CPU
		Release|Any CPU = Release|Any CPU
	EndGlobalSection
	GlobalSection(ProjectConfigurationPlatforms) = postSolution
		{C7664FC3-3D30-442B-9F8F-CDFF6815C49C}.Debug|Any CPU.ActiveCfg = Debug|Any CPU
		{C7664FC3-3D30-442B-9F8F-CDFF6815C49C}.Debug|Any CPU.Build.0 = Debug|Any CPU
		{C7664FC3-3D30-442B-9F8F-CDFF6815C49C}.Release|Any CPU.ActiveCfg = Release|Any CPU
		{C7664FC3-3D30-442B-9F8F-CDFF6815C49C}.Release|Any CPU.Build.0 = Release|Any CPU
		{1006C64E-28C5-46C7-9BBF-9FD5611E5B54}.Debug|Any CPU.ActiveCfg = Debug|Any CPU
		{1006C64E-28C5-46C7-9BBF-9FD5611E5B54}.Debug|Any CPU.Build.0 = Debug|Any CPU
		{1006C64E-28C5-46C7-9BBF-9FD5611E5B54}.Release|Any CPU.ActiveCfg = Release|Any CPU
		{1006C64E-28C5-46C7-9BBF-9FD5611E5B54}.Release|Any CPU.Build.0 = Release|Any CPU
	EndGlobalSection
	GlobalSection(SolutionProperties) = preSolution
		HideSolutionNode = FALSE
	EndGlobalSection
	GlobalSection(ExtensibilityGlobals) = postSolution
		SolutionGuid = {DECF5EB9-DFA3-42EE-9917-27059BFFF581}
	EndGlobalSection
EndGlobal
